
Microsoft Visual Studio Solution File, Format Version 12.00
# Visual Studio 15
VisualStudioVersion = 15.0.27130.2036
MinimumVisualStudioVersion = 10.0.40219.1
Project("{FAE04EC0-301F-11D3-BF4B-00C04F79EFBC}") = "e-commerce-backend", "e-commerce-backend\e-commerce-backend.csproj", "{C2919BDA-CCBB-4BE0-9472-FC0720EA4E6D}"
EndProject
Global
	GlobalSection(SolutionConfigurationPlatforms) = preSolution
		Debug|Any CPU = Debug|Any CPU
		Release|Any CPU = Release|Any CPU
	EndGlobalSection
	GlobalSection(ProjectConfigurationPlatforms) = postSolution
		{C2919BDA-CCBB-4BE0-9472-FC0720EA4E6D}.Debug|Any CPU.ActiveCfg = Debug|Any CPU
		{C2919BDA-CCBB-4BE0-9472-FC0720EA4E6D}.Debug|Any CPU.Build.0 = Debug|Any CPU
		{C2919BDA-CCBB-4BE0-9472-FC0720EA4E6D}.Release|Any CPU.ActiveCfg = Release|Any CPU
		{C2919BDA-CCBB-4BE0-9472-FC0720EA4E6D}.Release|Any CPU.Build.0 = Release|Any CPU
	EndGlobalSection
	GlobalSection(SolutionProperties) = preSolution
		HideSolutionNode = FALSE
	EndGlobalSection
	GlobalSection(ExtensibilityGlobals) = postSolution
		SolutionGuid = {5484DF04-23E0-4A44-9402-ECE165ED8423}
	EndGlobalSection
EndGlobal
